
Microsoft Visual Studio Solution File, Format Version 12.00
# Visual Studio Version 16
VisualStudioVersion = 16.0.29709.97
MinimumVisualStudioVersion = 15.0.26124.0
Project("{9A19103F-16F7-4668-BE54-9A1E7A4F7556}") = "vtb.Auth.Jwt", "vtb.Auth.Jwt\vtb.Auth.Jwt.csproj", "{204794E3-22F6-4AD3-9F34-811DC54DDADE}"
EndProject
Project("{9A19103F-16F7-4668-BE54-9A1E7A4F7556}") = "vtb.Auth.Jwt.Tests", "vtb.Auth.Jwt.Tests\vtb.Auth.Jwt.Tests.csproj", "{4C4B8326-754F-4C0D-8FE3-B581732AD77A}"
EndProject
Project("{9A19103F-16F7-4668-BE54-9A1E7A4F7556}") = "vtb.Auth.Permissions", "vtb.Auth.Permissions\vtb.Auth.Permissions.csproj", "{CF2D2963-4DD9-4AD7-9A5F-CFCC07A6FF7A}"
EndProject
Project("{FAE04EC0-301F-11D3-BF4B-00C04F79EFBC}") = "vtb.Auth.Tenant", "vtb.Auth.Tenant\vtb.Auth.Tenant.csproj", "{91B0871F-9338-4C35-A135-AA4D818EC278}"
EndProject
Project("{FAE04EC0-301F-11D3-BF4B-00C04F79EFBC}") = "vtb.Auth.Tenant.Tests", "vtb.Auth.Tenant.Tests\vtb.Auth.Tenant.Tests.csproj", "{1B23F25B-7FBC-4504-9B63-184390A78FC2}"
EndProject
Global
	GlobalSection(SolutionConfigurationPlatforms) = preSolution
		Debug|Any CPU = Debug|Any CPU
		Debug|x64 = Debug|x64
		Debug|x86 = Debug|x86
		Release|Any CPU = Release|Any CPU
		Release|x64 = Release|x64
		Release|x86 = Release|x86
	EndGlobalSection
	GlobalSection(ProjectConfigurationPlatforms) = postSolution
		{204794E3-22F6-4AD3-9F34-811DC54DDADE}.Debug|Any CPU.ActiveCfg = Debug|Any CPU
		{204794E3-22F6-4AD3-9F34-811DC54DDADE}.Debug|Any CPU.Build.0 = Debug|Any CPU
		{204794E3-22F6-4AD3-9F34-811DC54DDADE}.Debug|x64.ActiveCfg = Debug|Any CPU
		{204794E3-22F6-4AD3-9F34-811DC54DDADE}.Debug|x64.Build.0 = Debug|Any CPU
		{204794E3-22F6-4AD3-9F34-811DC54DDADE}.Debug|x86.ActiveCfg = Debug|Any CPU
		{204794E3-22F6-4AD3-9F34-811DC54DDADE}.Debug|x86.Build.0 = Debug|Any CPU
		{204794E3-22F6-4AD3-9F34-811DC54DDADE}.Release|Any CPU.ActiveCfg = Release|Any CPU
		{204794E3-22F6-4AD3-9F34-811DC54DDADE}.Release|Any CPU.Build.0 = Release|Any CPU
		{204794E3-22F6-4AD3-9F34-811DC54DDADE}.Release|x64.ActiveCfg = Release|Any CPU
		{204794E3-22F6-4AD3-9F34-811DC54DDADE}.Release|x64.Build.0 = Release|Any CPU
		{204794E3-22F6-4AD3-9F34-811DC54DDADE}.Release|x86.ActiveCfg = Release|Any CPU
		{204794E3-22F6-4AD3-9F34-811DC54DDADE}.Release|x86.Build.0 = Release|Any CPU
		{4C4B8326-754F-4C0D-8FE3-B581732AD77A}.Debug|Any CPU.ActiveCfg = Debug|Any CPU
		{4C4B8326-754F-4C0D-8FE3-B581732AD77A}.Debug|Any CPU.Build.0 = Debug|Any CPU
		{4C4B8326-754F-4C0D-8FE3-B581732AD77A}.Debug|x64.ActiveCfg = Debug|Any CPU
		{4C4B8326-754F-4C0D-8FE3-B581732AD77A}.Debug|x64.Build.0 = Debug|Any CPU
		{4C4B8326-754F-4C0D-8FE3-B581732AD77A}.Debug|x86.ActiveCfg = Debug|Any CPU
		{4C4B8326-754F-4C0D-8FE3-B581732AD77A}.Debug|x86.Build.0 = Debug|Any CPU
		{4C4B8326-754F-4C0D-8FE3-B581732AD77A}.Release|Any CPU.ActiveCfg = Release|Any CPU
		{4C4B8326-754F-4C0D-8FE3-B581732AD77A}.Release|Any CPU.Build.0 = Release|Any CPU
		{4C4B8326-754F-4C0D-8FE3-B581732AD77A}.Release|x64.ActiveCfg = Release|Any CPU
		{4C4B8326-754F-4C0D-8FE3-B581732AD77A}.Release|x64.Build.0 = Release|Any CPU
		{4C4B8326-754F-4C0D-8FE3-B581732AD77A}.Release|x86.ActiveCfg = Release|Any CPU
		{4C4B8326-754F-4C0D-8FE3-B581732AD77A}.Release|x86.Build.0 = Release|Any CPU
		{CF2D2963-4DD9-4AD7-9A5F-CFCC07A6FF7A}.Debug|Any CPU.ActiveCfg = Debug|Any CPU
		{CF2D2963-4DD9-4AD7-9A5F-CFCC07A6FF7A}.Debug|Any CPU.Build.0 = Debug|Any CPU
		{CF2D2963-4DD9-4AD7-9A5F-CFCC07A6FF7A}.Debug|x64.ActiveCfg = Debug|Any CPU
		{CF2D2963-4DD9-4AD7-9A5F-CFCC07A6FF7A}.Debug|x64.Build.0 = Debug|Any CPU
		{CF2D2963-4DD9-4AD7-9A5F-CFCC07A6FF7A}.Debug|x86.ActiveCfg = Debug|Any CPU
		{CF2D2963-4DD9-4AD7-9A5F-CFCC07A6FF7A}.Debug|x86.Build.0 = Debug|Any CPU
		{CF2D2963-4DD9-4AD7-9A5F-CFCC07A6FF7A}.Release|Any CPU.ActiveCfg = Release|Any CPU
		{CF2D2963-4DD9-4AD7-9A5F-CFCC07A6FF7A}.Release|Any CPU.Build.0 = Release|Any CPU
		{CF2D2963-4DD9-4AD7-9A5F-CFCC07A6FF7A}.Release|x64.ActiveCfg = Release|Any CPU
		{CF2D2963-4DD9-4AD7-9A5F-CFCC07A6FF7A}.Release|x64.Build.0 = Release|Any CPU
		{CF2D2963-4DD9-4AD7-9A5F-CFCC07A6FF7A}.Release|x86.ActiveCfg = Release|Any CPU
		{CF2D2963-4DD9-4AD7-9A5F-CFCC07A6FF7A}.Release|x86.Build.0 = Release|Any CPU
		{91B0871F-9338-4C35-A135-AA4D818EC278}.Debug|Any CPU.ActiveCfg = Debug|Any CPU
		{91B0871F-9338-4C35-A135-AA4D818EC278}.Debug|Any CPU.Build.0 = Debug|Any CPU
		{91B0871F-9338-4C35-A135-AA4D818EC278}.Debug|x64.ActiveCfg = Debug|Any CPU
		{91B0871F-9338-4C35-A135-AA4D818EC278}.Debug|x64.Build.0 = Debug|Any CPU
		{91B0871F-9338-4C35-A135-AA4D818EC278}.Debug|x86.ActiveCfg = Debug|Any CPU
		{91B0871F-9338-4C35-A135-AA4D818EC278}.Debug|x86.Build.0 = Debug|Any CPU
		{91B0871F-9338-4C35-A135-AA4D818EC278}.Release|Any CPU.ActiveCfg = Release|Any CPU
		{91B0871F-9338-4C35-A135-AA4D818EC278}.Release|Any CPU.Build.0 = Release|Any CPU
		{91B0871F-9338-4C35-A135-AA4D818EC278}.Release|x64.ActiveCfg = Release|Any CPU
		{91B0871F-9338-4C35-A135-AA4D818EC278}.Release|x64.Build.0 = Release|Any CPU
		{91B0871F-9338-4C35-A135-AA4D818EC278}.Release|x86.ActiveCfg = Release|Any CPU
		{91B0871F-9338-4C35-A135-AA4D818EC278}.Release|x86.Build.0 = Release|Any CPU
		{1B23F25B-7FBC-4504-9B63-184390A78FC2}.Debug|Any CPU.ActiveCfg = Debug|Any CPU
		{1B23F25B-7FBC-4504-9B63-184390A78FC2}.Debug|Any CPU.Build.0 = Debug|Any CPU
		{1B23F25B-7FBC-4504-9B63-184390A78FC2}.Debug|x64.ActiveCfg = Debug|Any CPU
		{1B23F25B-7FBC-4504-9B63-184390A78FC2}.Debug|x64.Build.0 = Debug|Any CPU
		{1B23F25B-7FBC-4504-9B63-184390A78FC2}.Debug|x86.ActiveCfg = Debug|Any CPU
		{1B23F25B-7FBC-4504-9B63-184390A78FC2}.Debug|x86.Build.0 = Debug|Any CPU
		{1B23F25B-7FBC-4504-9B63-184390A78FC2}.Release|Any CPU.ActiveCfg = Release|Any CPU
		{1B23F25B-7FBC-4504-9B63-184390A78FC2}.Release|Any CPU.Build.0 = Release|Any CPU
		{1B23F25B-7FBC-4504-9B63-184390A78FC2}.Release|x64.ActiveCfg = Release|Any CPU
		{1B23F25B-7FBC-4504-9B63-184390A78FC2}.Release|x64.Build.0 = Release|Any CPU
		{1B23F25B-7FBC-4504-9B63-184390A78FC2}.Release|x86.ActiveCfg = Release|Any CPU
		{1B23F25B-7FBC-4504-9B63-184390A78FC2}.Release|x86.Build.0 = Release|Any CPU
	EndGlobalSection
	GlobalSection(SolutionProperties) = preSolution
		HideSolutionNode = FALSE
	EndGlobalSection
	GlobalSection(ExtensibilityGlobals) = postSolution
		SolutionGuid = {B6756A62-8D29-44DD-AF6D-A9414D94CF46}
	EndGlobalSection
EndGlobal
